
Microsoft Visual Studio Solution File, Format Version 12.00
# Visual Studio Version 16
VisualStudioVersion = 16.0.29509.3
MinimumVisualStudioVersion = 10.0.40219.1
Project("{FAE04EC0-301F-11D3-BF4B-00C04F79EFBC}") = "asp-dotnetcore", "asp-dotnetcore\asp-dotnetcore.csproj", "{6A8A2CFA-D063-4B71-8178-38198EA42E7C}"
EndProject
Project("{FAE04EC0-301F-11D3-BF4B-00C04F79EFBC}") = "asp-dotnetcore-nunit", "asp-dotnetcore-nunit\asp-dotnetcore-nunit.csproj", "{376F3B7A-67DE-4015-8E98-469AE9E3532D}"
EndProject
Global
	GlobalSection(SolutionConfigurationPlatforms) = preSolution
		Debug|Any CPU = Debug|Any CPU
		Release|Any CPU = Release|Any CPU
	EndGlobalSection
	GlobalSection(ProjectConfigurationPlatforms) = postSolution
		{6A8A2CFA-D063-4B71-8178-38198EA42E7C}.Debug|Any CPU.ActiveCfg = Debug|Any CPU
		{6A8A2CFA-D063-4B71-8178-38198EA42E7C}.Debug|Any CPU.Build.0 = Debug|Any CPU
		{6A8A2CFA-D063-4B71-8178-38198EA42E7C}.Release|Any CPU.ActiveCfg = Release|Any CPU
		{6A8A2CFA-D063-4B71-8178-38198EA42E7C}.Release|Any CPU.Build.0 = Release|Any CPU
		{376F3B7A-67DE-4015-8E98-469AE9E3532D}.Debug|Any CPU.ActiveCfg = Debug|Any CPU
		{376F3B7A-67DE-4015-8E98-469AE9E3532D}.Debug|Any CPU.Build.0 = Debug|Any CPU
		{376F3B7A-67DE-4015-8E98-469AE9E3532D}.Release|Any CPU.ActiveCfg = Release|Any CPU
		{376F3B7A-67DE-4015-8E98-469AE9E3532D}.Release|Any CPU.Build.0 = Release|Any CPU
	EndGlobalSection
	GlobalSection(SolutionProperties) = preSolution
		HideSolutionNode = FALSE
	EndGlobalSection
	GlobalSection(ExtensibilityGlobals) = postSolution
		SolutionGuid = {72602E49-8404-4BA1-9FC1-529DA8855A04}
	EndGlobalSection
EndGlobal
